
Microsoft Visual Studio Solution File, Format Version 12.00
# Visual Studio Version 17
VisualStudioVersion = 17.5.002.0
MinimumVisualStudioVersion = 10.0.40219.1
Project("{9A19103F-16F7-4668-BE54-9A1E7A4F7556}") = "GameJam", "GameJam.csproj", "{290F7953-6EAC-4DD3-8D54-095404D6096E}"
EndProject
Global
	GlobalSection(SolutionConfigurationPlatforms) = preSolution
		Debug|Any CPU = Debug|Any CPU
		Release|Any CPU = Release|Any CPU
	EndGlobalSection
	GlobalSection(ProjectConfigurationPlatforms) = postSolution
		{290F7953-6EAC-4DD3-8D54-095404D6096E}.Debug|Any CPU.ActiveCfg = Debug|Any CPU
		{290F7953-6EAC-4DD3-8D54-095404D6096E}.Debug|Any CPU.Build.0 = Debug|Any CPU
		{290F7953-6EAC-4DD3-8D54-095404D6096E}.Release|Any CPU.ActiveCfg = Release|Any CPU
		{290F7953-6EAC-4DD3-8D54-095404D6096E}.Release|Any CPU.Build.0 = Release|Any CPU
	EndGlobalSection
	GlobalSection(SolutionProperties) = preSolution
		HideSolutionNode = FALSE
	EndGlobalSection
	GlobalSection(ExtensibilityGlobals) = postSolution
		SolutionGuid = {68BC2300-6F4E-4C76-AAD4-DA1ED0A9669D}
	EndGlobalSection
EndGlobal
